
Microsoft Visual Studio Solution File, Format Version 12.00
# Visual Studio Version 16
VisualStudioVersion = 16.0.31313.79
MinimumVisualStudioVersion = 10.0.40219.1
Project("{FAE04EC0-301F-11D3-BF4B-00C04F79EFBC}") = "TemplateSelectorCS.VM", "TemplateSelectorCS.VM\TemplateSelectorCS.VM.csproj", "{FBBAE148-22A7-4CE5-A69F-5DF39CDE2459}"
EndProject
Project("{FAE04EC0-301F-11D3-BF4B-00C04F79EFBC}") = "TemplateSelectorCS.Model", "TemplateSelectorCS.Model\TemplateSelectorCS.Model.csproj", "{122C1E97-E322-4AE3-91B6-F1086D86E583}"
EndProject
Global
	GlobalSection(SolutionConfigurationPlatforms) = preSolution
		Debug|Any CPU = Debug|Any CPU
		Release|Any CPU = Release|Any CPU
	EndGlobalSection
	GlobalSection(ProjectConfigurationPlatforms) = postSolution
		{FBBAE148-22A7-4CE5-A69F-5DF39CDE2459}.Debug|Any CPU.ActiveCfg = Debug|Any CPU
		{FBBAE148-22A7-4CE5-A69F-5DF39CDE2459}.Debug|Any CPU.Build.0 = Debug|Any CPU
		{FBBAE148-22A7-4CE5-A69F-5DF39CDE2459}.Release|Any CPU.ActiveCfg = Release|Any CPU
		{FBBAE148-22A7-4CE5-A69F-5DF39CDE2459}.Release|Any CPU.Build.0 = Release|Any CPU
		{122C1E97-E322-4AE3-91B6-F1086D86E583}.Debug|Any CPU.ActiveCfg = Debug|Any CPU
		{122C1E97-E322-4AE3-91B6-F1086D86E583}.Debug|Any CPU.Build.0 = Debug|Any CPU
		{122C1E97-E322-4AE3-91B6-F1086D86E583}.Release|Any CPU.ActiveCfg = Release|Any CPU
		{122C1E97-E322-4AE3-91B6-F1086D86E583}.Release|Any CPU.Build.0 = Release|Any CPU
	EndGlobalSection
	GlobalSection(SolutionProperties) = preSolution
		HideSolutionNode = FALSE
	EndGlobalSection
	GlobalSection(ExtensibilityGlobals) = postSolution
		SolutionGuid = {282F23CD-868B-4B34-A5A6-13A71165D032}
	EndGlobalSection
EndGlobal
